
Microsoft Visual Studio Solution File, Format Version 12.00
# Visual Studio Version 17
VisualStudioVersion = 17.10.34916.146
MinimumVisualStudioVersion = 10.0.40219.1
Project("{9A19103F-16F7-4668-BE54-9A1E7A4F7556}") = "SWFServer", "SWFServer.csproj", "{6328DE26-BD94-4A3E-B010-8752D52A6A6A}"
EndProject
Global
	GlobalSection(SolutionConfigurationPlatforms) = preSolution
		Debug|Any CPU = Debug|Any CPU
		Debug|x64 = Debug|x64
		Release|Any CPU = Release|Any CPU
		Release|x64 = Release|x64
	EndGlobalSection
	GlobalSection(ProjectConfigurationPlatforms) = postSolution
		{6328DE26-BD94-4A3E-B010-8752D52A6A6A}.Debug|Any CPU.ActiveCfg = Debug|Any CPU
		{6328DE26-BD94-4A3E-B010-8752D52A6A6A}.Debug|Any CPU.Build.0 = Debug|Any CPU
		{6328DE26-BD94-4A3E-B010-8752D52A6A6A}.Debug|x64.ActiveCfg = Debug|x64
		{6328DE26-BD94-4A3E-B010-8752D52A6A6A}.Debug|x64.Build.0 = Debug|x64
		{6328DE26-BD94-4A3E-B010-8752D52A6A6A}.Release|Any CPU.ActiveCfg = Release|Any CPU
		{6328DE26-BD94-4A3E-B010-8752D52A6A6A}.Release|Any CPU.Build.0 = Release|Any CPU
		{6328DE26-BD94-4A3E-B010-8752D52A6A6A}.Release|x64.ActiveCfg = Release|x64
		{6328DE26-BD94-4A3E-B010-8752D52A6A6A}.Release|x64.Build.0 = Release|x64
	EndGlobalSection
	GlobalSection(SolutionProperties) = preSolution
		HideSolutionNode = FALSE
	EndGlobalSection
	GlobalSection(ExtensibilityGlobals) = postSolution
		SolutionGuid = {71D60EFF-EC32-45B1-8A02-937A65D59FFB}
	EndGlobalSection
EndGlobal
